# filename sha256 url
htsjdk-2.19.0.jar 06390af88c23d06d69521f0f88c06236bcd527dc0c6bd51e36fc2525d0a47819 https://repo1.maven.org/maven2/com/github/samtools/htsjdk/2.19.0/htsjdk-2.19.0.jar
snappy-java-1.1.7.3.jar 7eea31c0a25d35cd092d8aec08bed04f22152409b58d63d43839074a9ab7ab97 https://repo1.maven.org/maven2/org/xerial/snappy/snappy-java/1.1.7.3/snappy-java-1.1.7.3.jar
