# filename sha256 url
htsjdk-3.0.5.jar 8d03dc7672199f10fe4bad8aaf76259e36d15ed8fb145d6427ef1efb51a4da5f https://repo.maven.apache.org/maven2/com/github/samtools/htsjdk/3.0.5/htsjdk-3.0.5.jar
snappy-java-1.1.10.8.jar 50485d06037fea3d6e40c968386feeca6338cc9872e25549593ff3eb352cefcc https://repo.maven.apache.org/maven2/org/xerial/snappy/snappy-java/1.1.10.8/snappy-java-1.1.10.8.jar
